
Microsoft Visual Studio Solution File, Format Version 12.00
# Visual Studio Version 16
VisualStudioVersion = 16.0.30717.126
MinimumVisualStudioVersion = 15.0.26124.0
Project("{6EC3EE1D-3C4E-46DD-8F32-0CC8E7565705}") = "Shapes", "src\Shapes\Shapes.fsproj", "{50FAC88B-77E1-4885-8C25-0CD2F65F8E4D}"
EndProject
Project("{6EC3EE1D-3C4E-46DD-8F32-0CC8E7565705}") = "Shapes.Test", "tests\Shapes.Test\Shapes.Test.fsproj", "{DADDEB55-DADC-4777-A428-F17A610F5FAE}"
EndProject
Global
	GlobalSection(SolutionConfigurationPlatforms) = preSolution
		Debug|Any CPU = Debug|Any CPU
		Debug|x64 = Debug|x64
		Debug|x86 = Debug|x86
		Release|Any CPU = Release|Any CPU
		Release|x64 = Release|x64
		Release|x86 = Release|x86
	EndGlobalSection
	GlobalSection(ProjectConfigurationPlatforms) = postSolution
		{50FAC88B-77E1-4885-8C25-0CD2F65F8E4D}.Debug|Any CPU.ActiveCfg = Debug|Any CPU
		{50FAC88B-77E1-4885-8C25-0CD2F65F8E4D}.Debug|Any CPU.Build.0 = Debug|Any CPU
		{50FAC88B-77E1-4885-8C25-0CD2F65F8E4D}.Debug|x64.ActiveCfg = Debug|Any CPU
		{50FAC88B-77E1-4885-8C25-0CD2F65F8E4D}.Debug|x64.Build.0 = Debug|Any CPU
		{50FAC88B-77E1-4885-8C25-0CD2F65F8E4D}.Debug|x86.ActiveCfg = Debug|Any CPU
		{50FAC88B-77E1-4885-8C25-0CD2F65F8E4D}.Debug|x86.Build.0 = Debug|Any CPU
		{50FAC88B-77E1-4885-8C25-0CD2F65F8E4D}.Release|Any CPU.ActiveCfg = Release|Any CPU
		{50FAC88B-77E1-4885-8C25-0CD2F65F8E4D}.Release|Any CPU.Build.0 = Release|Any CPU
		{50FAC88B-77E1-4885-8C25-0CD2F65F8E4D}.Release|x64.ActiveCfg = Release|Any CPU
		{50FAC88B-77E1-4885-8C25-0CD2F65F8E4D}.Release|x64.Build.0 = Release|Any CPU
		{50FAC88B-77E1-4885-8C25-0CD2F65F8E4D}.Release|x86.ActiveCfg = Release|Any CPU
		{50FAC88B-77E1-4885-8C25-0CD2F65F8E4D}.Release|x86.Build.0 = Release|Any CPU
		{DADDEB55-DADC-4777-A428-F17A610F5FAE}.Debug|Any CPU.ActiveCfg = Debug|Any CPU
		{DADDEB55-DADC-4777-A428-F17A610F5FAE}.Debug|Any CPU.Build.0 = Debug|Any CPU
		{DADDEB55-DADC-4777-A428-F17A610F5FAE}.Debug|x64.ActiveCfg = Debug|Any CPU
		{DADDEB55-DADC-4777-A428-F17A610F5FAE}.Debug|x64.Build.0 = Debug|Any CPU
		{DADDEB55-DADC-4777-A428-F17A610F5FAE}.Debug|x86.ActiveCfg = Debug|Any CPU
		{DADDEB55-DADC-4777-A428-F17A610F5FAE}.Debug|x86.Build.0 = Debug|Any CPU
		{DADDEB55-DADC-4777-A428-F17A610F5FAE}.Release|Any CPU.ActiveCfg = Release|Any CPU
		{DADDEB55-DADC-4777-A428-F17A610F5FAE}.Release|Any CPU.Build.0 = Release|Any CPU
		{DADDEB55-DADC-4777-A428-F17A610F5FAE}.Release|x64.ActiveCfg = Release|Any CPU
		{DADDEB55-DADC-4777-A428-F17A610F5FAE}.Release|x64.Build.0 = Release|Any CPU
		{DADDEB55-DADC-4777-A428-F17A610F5FAE}.Release|x86.ActiveCfg = Release|Any CPU
		{DADDEB55-DADC-4777-A428-F17A610F5FAE}.Release|x86.Build.0 = Release|Any CPU
	EndGlobalSection
	GlobalSection(SolutionProperties) = preSolution
		HideSolutionNode = FALSE
	EndGlobalSection
	GlobalSection(ExtensibilityGlobals) = postSolution
		SolutionGuid = {27902B78-8823-4002-A1AD-8ADB245F0E95}
	EndGlobalSection
EndGlobal
